
Microsoft Visual Studio Solution File, Format Version 12.00
# Visual Studio Version 17
VisualStudioVersion = 17.0.31903.59
MinimumVisualStudioVersion = 10.0.40219.1
Project("{FAE04EC0-301F-11D3-BF4B-00C04F79EFBC}") = "JamSeedNet.Server", "src\JamSeedNet.Server\JamSeedNet.Server.csproj", "{44EC3823-8F22-4BC3-B66A-5354DDE0ECF3}"
EndProject
Project("{FAE04EC0-301F-11D3-BF4B-00C04F79EFBC}") = "JamSeedNet.Shared", "src\JamSeedNet.Shared\JamSeedNet.Shared.csproj", "{0C831B7C-D0A9-4A8F-A708-15455897E80F}"
EndProject
Global
	GlobalSection(SolutionConfigurationPlatforms) = preSolution
		Debug|Any CPU = Debug|Any CPU
		Debug|x64 = Debug|x64
		Debug|x86 = Debug|x86
		Release|Any CPU = Release|Any CPU
		Release|x64 = Release|x64
		Release|x86 = Release|x86
	EndGlobalSection
	GlobalSection(ProjectConfigurationPlatforms) = postSolution
		{44EC3823-8F22-4BC3-B66A-5354DDE0ECF3}.Debug|Any CPU.ActiveCfg = Debug|Any CPU
		{44EC3823-8F22-4BC3-B66A-5354DDE0ECF3}.Debug|Any CPU.Build.0 = Debug|Any CPU
		{44EC3823-8F22-4BC3-B66A-5354DDE0ECF3}.Debug|x64.ActiveCfg = Debug|Any CPU
		{44EC3823-8F22-4BC3-B66A-5354DDE0ECF3}.Debug|x64.Build.0 = Debug|Any CPU
		{44EC3823-8F22-4BC3-B66A-5354DDE0ECF3}.Debug|x86.ActiveCfg = Debug|Any CPU
		{44EC3823-8F22-4BC3-B66A-5354DDE0ECF3}.Debug|x86.Build.0 = Debug|Any CPU
		{44EC3823-8F22-4BC3-B66A-5354DDE0ECF3}.Release|Any CPU.ActiveCfg = Release|Any CPU
		{44EC3823-8F22-4BC3-B66A-5354DDE0ECF3}.Release|Any CPU.Build.0 = Release|Any CPU
		{44EC3823-8F22-4BC3-B66A-5354DDE0ECF3}.Release|x64.ActiveCfg = Release|Any CPU
		{44EC3823-8F22-4BC3-B66A-5354DDE0ECF3}.Release|x64.Build.0 = Release|Any CPU
		{44EC3823-8F22-4BC3-B66A-5354DDE0ECF3}.Release|x86.ActiveCfg = Release|Any CPU
		{44EC3823-8F22-4BC3-B66A-5354DDE0ECF3}.Release|x86.Build.0 = Release|Any CPU
		{0C831B7C-D0A9-4A8F-A708-15455897E80F}.Debug|Any CPU.ActiveCfg = Debug|Any CPU
		{0C831B7C-D0A9-4A8F-A708-15455897E80F}.Debug|Any CPU.Build.0 = Debug|Any CPU
		{0C831B7C-D0A9-4A8F-A708-15455897E80F}.Debug|x64.ActiveCfg = Debug|Any CPU
		{0C831B7C-D0A9-4A8F-A708-15455897E80F}.Debug|x64.Build.0 = Debug|Any CPU
		{0C831B7C-D0A9-4A8F-A708-15455897E80F}.Debug|x86.ActiveCfg = Debug|Any CPU
		{0C831B7C-D0A9-4A8F-A708-15455897E80F}.Debug|x86.Build.0 = Debug|Any CPU
		{0C831B7C-D0A9-4A8F-A708-15455897E80F}.Release|Any CPU.ActiveCfg = Release|Any CPU
		{0C831B7C-D0A9-4A8F-A708-15455897E80F}.Release|Any CPU.Build.0 = Release|Any CPU
		{0C831B7C-D0A9-4A8F-A708-15455897E80F}.Release|x64.ActiveCfg = Release|Any CPU
		{0C831B7C-D0A9-4A8F-A708-15455897E80F}.Release|x64.Build.0 = Release|Any CPU
		{0C831B7C-D0A9-4A8F-A708-15455897E80F}.Release|x86.ActiveCfg = Release|Any CPU
		{0C831B7C-D0A9-4A8F-A708-15455897E80F}.Release|x86.Build.0 = Release|Any CPU
	EndGlobalSection
	GlobalSection(SolutionProperties) = preSolution
		HideSolutionNode = FALSE
	EndGlobalSection
EndGlobal
